schema: '2.0'
stages:
  load_data:
    cmd: python src/load_data.py --vardhan=params.yaml
    deps:
    - path: data_given/winequality.csv
      md5: ccc8d3507eb151f53f760d36abdef888
      size: 91998
    - path: src/get_data.py
      md5: 79a21c1dad7283a6f651f0ea1978fce9
      size: 606
    - path: src/load_data.py
      md5: d635cbc3f7acd3989be828bae0cdea8d
      size: 569
    outs:
    - path: data/raw/winequality.csv
      md5: 037b2b410e9039d6fa742fee3f8e6ffa
      size: 109436
